{
    "_readme": [
        "This file locks the dependencies of your project to a known state",
        "Read more about it at https://getcomposer.org/doc/01-basic-usage.md#installing-dependencies",
        "This file is @generated automatically"
    ],
    "content-hash": "1388364579415fee940544ba46f842f5",
    "packages": [],
    "packages-dev": [
        {
            "name": "fortawesome/font-awesome",
            "version": "5.12.0",
            "source": {
                "type": "git",
                "url": "https://github.com/FortAwesome/Font-Awesome.git",
                "reference": "d8db3d032d22e7a5e21f3b40905b7867be19bb02"
            },
            "dist": {
                "type": "zip",
                "url": "https://api.github.com/repos/FortAwesome/Font-Awesome/zipball/d8db3d032d22e7a5e21f3b40905b7867be19bb02",
                "reference": "d8db3d032d22e7a5e21f3b40905b7867be19bb02",
                "shasum": ""
            },
            "type": "library",
            "notification-url": "https://packagist.org/downloads/",
            "license": [
                "CC-BY-4.0",
                "OFL-1.1",
                "MIT"
            ],
            "authors": [
                {
                    "name": "Travis Chase",
                    "homepage": "http://twitter.com/supercodepoet"
                },
                {
                    "name": "Dave Gandy",
                    "homepage": "http://twitter.com/davegandy"
                },
                {
                    "name": "Rob Madole",
                    "homepage": "http://twitter.com/robmadole"
                },
                {
                    "name": "Jory Raphael",
                    "homepage": "http://twitter.com/sensibleworld"
                },
                {
                    "name": "Geremia Taglialatela",
                    "homepage": "http://twitter.com/gtagliala"
                },
                {
                    "name": "Brian Talbot",
                    "homepage": "http://twitter.com/talbs"
                },
                {
                    "name": "Mike Wilkerson",
                    "homepage": "http://twitter.com/mw77"
                }
            ],
            "description": "The iconic font, CSS, and SVG framework",
            "homepage": "https://fontawesome.com",
            "keywords": [
                "FontAwesome",
                "awesome",
                "bootstrap",
                "font",
                "icon",
                "svg"
            ],
            "time": "2019-12-10T22:52:13+00:00"
        }
    ],
    "aliases": [],
    "minimum-stability": "stable",
    "stability-flags": [],
    "prefer-stable": false,
    "prefer-lowest": false,
    "platform": {
        "php": ">=5.6.0"
    },
    "platform-dev": []
}
